
Microsoft Visual Studio Solution File, Format Version 12.00
# Visual Studio Version 17
VisualStudioVersion = 17.8.34330.188
MinimumVisualStudioVersion = 10.0.40219.1
Project("{9A19103F-16F7-4668-BE54-9A1E7A4F7556}") = "RestaurantAppServer", "RestaurantAppServer\RestaurantAppServer.csproj", "{E860D242-EB6A-404B-B870-6CB41C57F7C0}"
EndProject
Project("{FAE04EC0-301F-11D3-BF4B-00C04F79EFBC}") = "RestaurantAppServer.Service", "RestaurantAppServer.Service\RestaurantAppServer.Service.csproj", "{06E76879-EF54-4D84-95BE-72A07561B34C}"
EndProject
Global
	GlobalSection(SolutionConfigurationPlatforms) = preSolution
		Debug|Any CPU = Debug|Any CPU
		Release|Any CPU = Release|Any CPU
	EndGlobalSection
	GlobalSection(ProjectConfigurationPlatforms) = postSolution
		{E860D242-EB6A-404B-B870-6CB41C57F7C0}.Debug|Any CPU.ActiveCfg = Debug|Any CPU
		{E860D242-EB6A-404B-B870-6CB41C57F7C0}.Debug|Any CPU.Build.0 = Debug|Any CPU
		{E860D242-EB6A-404B-B870-6CB41C57F7C0}.Release|Any CPU.ActiveCfg = Release|Any CPU
		{E860D242-EB6A-404B-B870-6CB41C57F7C0}.Release|Any CPU.Build.0 = Release|Any CPU
		{06E76879-EF54-4D84-95BE-72A07561B34C}.Debug|Any CPU.ActiveCfg = Debug|Any CPU
		{06E76879-EF54-4D84-95BE-72A07561B34C}.Debug|Any CPU.Build.0 = Debug|Any CPU
		{06E76879-EF54-4D84-95BE-72A07561B34C}.Release|Any CPU.ActiveCfg = Release|Any CPU
		{06E76879-EF54-4D84-95BE-72A07561B34C}.Release|Any CPU.Build.0 = Release|Any CPU
	EndGlobalSection
	GlobalSection(SolutionProperties) = preSolution
		HideSolutionNode = FALSE
	EndGlobalSection
	GlobalSection(ExtensibilityGlobals) = postSolution
		SolutionGuid = {DAF9E924-C5C6-40A1-ADA3-75181040D99D}
	EndGlobalSection
EndGlobal
